// !$*UTF8*$!
{
	archiveVersion = 1;
	classes = {
	};
	objectVersion = 55;
	objects = {

/* Begin PBXBuildFile section */
		E8B8298F289B16BE00C23D27 /* AppDelegate.swift in Sources */ = {isa = PBXBuildFile; fileRef = E8B8298E289B16BE00C23D27 /* AppDelegate.swift */; };
		E8B82991289B16BE00C23D27 /* SceneDelegate.swift in Sources */ = {isa = PBXBuildFile; fileRef = E8B82990289B16BE00C23D27 /* SceneDelegate.swift */; };
		E8B82998289B16C200C23D27 /* Assets.xcassets in Resources */ = {isa = PBXBuildFile; fileRef = E8B82997289B16C200C23D27 /* Assets.xcassets */; };
		E8B8299B289B16C200C23D27 /* LaunchScreen.storyboard in Resources */ = {isa = PBXBuildFile; fileRef = E8B82999289B16C200C23D27 /* LaunchScreen.storyboard */; };
		E8B829A6289B16C200C23D27 /* TVMazeTests.swift in Sources */ = {isa = PBXBuildFile; fileRef = E8B829A5289B16C200C23D27 /* TVMazeTests.swift */; };
		E8B829B0289B16C200C23D27 /* TVMazeUITests.swift in Sources */ = {isa = PBXBuildFile; fileRef = E8B829AF289B16C200C23D27 /* TVMazeUITests.swift */; };
		E8B829B2289B16C200C23D27 /* TVMazeUITestsLaunchTests.swift in Sources */ = {isa = PBXBuildFile; fileRef = E8B829B1289B16C200C23D27 /* TVMazeUITestsLaunchTests.swift */; };
		E8B829C4289B1CA700C23D27 /* Router.swift in Sources */ = {isa = PBXBuildFile; fileRef = E8B829C3289B1CA700C23D27 /* Router.swift */; };
		E8B829C8289B230300C23D27 /* NetworkManager.swift in Sources */ = {isa = PBXBuildFile; fileRef = E8B829C7289B230300C23D27 /* NetworkManager.swift */; };
		E8B829CB289B264500C23D27 /* Show.swift in Sources */ = {isa = PBXBuildFile; fileRef = E8B829CA289B264500C23D27 /* Show.swift */; };
		E8B829CD289B3BBA00C23D27 /* SearchShow.swift in Sources */ = {isa = PBXBuildFile; fileRef = E8B829CC289B3BB900C23D27 /* SearchShow.swift */; };
		E8B829CF289B3E1D00C23D27 /* Episode.swift in Sources */ = {isa = PBXBuildFile; fileRef = E8B829CE289B3E1D00C23D27 /* Episode.swift */; };
		E8B829D1289B4DF700C23D27 /* AppCoordinator.swift in Sources */ = {isa = PBXBuildFile; fileRef = E8B829D0289B4DF700C23D27 /* AppCoordinator.swift */; };
		E8B829D3289B4EB600C23D27 /* TabCoordinator.swift in Sources */ = {isa = PBXBuildFile; fileRef = E8B829D2289B4EB600C23D27 /* TabCoordinator.swift */; };
		E8B829D6289B511E00C23D27 /* HomeCoordinator.swift in Sources */ = {isa = PBXBuildFile; fileRef = E8B829D5289B511E00C23D27 /* HomeCoordinator.swift */; };
		E8B829D8289B514A00C23D27 /* HomeViewController.swift in Sources */ = {isa = PBXBuildFile; fileRef = E8B829D7289B514A00C23D27 /* HomeViewController.swift */; };
		E8B829DB289B53CB00C23D27 /* FavoritesCoordinator.swift in Sources */ = {isa = PBXBuildFile; fileRef = E8B829DA289B53CB00C23D27 /* FavoritesCoordinator.swift */; };
		E8B829DD289B53DE00C23D27 /* FavoritesViewController.swift in Sources */ = {isa = PBXBuildFile; fileRef = E8B829DC289B53DE00C23D27 /* FavoritesViewController.swift */; };
		E8B829DF289BD1C300C23D27 /* Coordinator.swift in Sources */ = {isa = PBXBuildFile; fileRef = E8B829DE289BD1C300C23D27 /* Coordinator.swift */; };
		E8B829E2289BD75E00C23D27 /* SearchCoordinator.swift in Sources */ = {isa = PBXBuildFile; fileRef = E8B829E1289BD75E00C23D27 /* SearchCoordinator.swift */; };
		E8B829E4289BD76B00C23D27 /* SearchViewController.swift in Sources */ = {isa = PBXBuildFile; fileRef = E8B829E3289BD76B00C23D27 /* SearchViewController.swift */; };
		E8B829E6289BDA2500C23D27 /* HomeViewModel.swift in Sources */ = {isa = PBXBuildFile; fileRef = E8B829E5289BDA2500C23D27 /* HomeViewModel.swift */; };
		E8B829E9289BE15400C23D27 /* ShowCollectionViewCell.swift in Sources */ = {isa = PBXBuildFile; fileRef = E8B829E8289BE15400C23D27 /* ShowCollectionViewCell.swift */; };
		E8DF66B7289BE62B003B355C /* SDWebImage in Frameworks */ = {isa = PBXBuildFile; productRef = E8DF66B6289BE62B003B355C /* SDWebImage */; };
		E8DF66BE289C5CA1003B355C /* SearchViewModel.swift in Sources */ = {isa = PBXBuildFile; fileRef = E8DF66BD289C5CA1003B355C /* SearchViewModel.swift */; };
		E8DF66C1289C7353003B355C /* RxCocoa in Frameworks */ = {isa = PBXBuildFile; productRef = E8DF66C0289C7353003B355C /* RxCocoa */; };
		E8DF66C3289C7353003B355C /* RxSwift in Frameworks */ = {isa = PBXBuildFile; productRef = E8DF66C2289C7353003B355C /* RxSwift */; };
		E8DF66C6289CD75C003B355C /* SeriesViewController.swift in Sources */ = {isa = PBXBuildFile; fileRef = E8DF66C5289CD75C003B355C /* SeriesViewController.swift */; };
		E8DF66C8289CD817003B355C /* SeriesViewModel.swift in Sources */ = {isa = PBXBuildFile; fileRef = E8DF66C7289CD817003B355C /* SeriesViewModel.swift */; };
		E8DF66CB289D4E01003B355C /* Extensions.swift in Sources */ = {isa = PBXBuildFile; fileRef = E8DF66CA289D4E01003B355C /* Extensions.swift */; };
		E8DF66CD289D5549003B355C /* EpisodesTableViewCell.swift in Sources */ = {isa = PBXBuildFile; fileRef = E8DF66CC289D5549003B355C /* EpisodesTableViewCell.swift */; };
		E8DF66D0289D8A55003B355C /* EpisodeViewController.swift in Sources */ = {isa = PBXBuildFile; fileRef = E8DF66CF289D8A55003B355C /* EpisodeViewController.swift */; };
		E8DF66D2289D8AB5003B355C /* EpisodeViewModel.swift in Sources */ = {isa = PBXBuildFile; fileRef = E8DF66D1289D8AB5003B355C /* EpisodeViewModel.swift */; };
		E8DF66D5289DB14D003B355C /* Realm in Frameworks */ = {isa = PBXBuildFile; productRef = E8DF66D4289DB14D003B355C /* Realm */; };
		E8DF66D7289DB14D003B355C /* RealmSwift in Frameworks */ = {isa = PBXBuildFile; productRef = E8DF66D6289DB14D003B355C /* RealmSwift */; };
		E8DF66D9289DB1AC003B355C /* LikedShow.swift in Sources */ = {isa = PBXBuildFile; fileRef = E8DF66D8289DB1AC003B355C /* LikedShow.swift */; };
		E8DF66DB289DB832003B355C /* FavoritesViewModel.swift in Sources */ = {isa = PBXBuildFile; fileRef = E8DF66DA289DB832003B355C /* FavoritesViewModel.swift */; };
		E8DF66DD289DC5B2003B355C /* SearchPerson.swift in Sources */ = {isa = PBXBuildFile; fileRef = E8DF66DC289DC5B2003B355C /* SearchPerson.swift */; };
		E8DF66DF289DC5E6003B355C /* Person.swift in Sources */ = {isa = PBXBuildFile; fileRef = E8DF66DE289DC5E6003B355C /* Person.swift */; };
		E8DF66E3289DD076003B355C /* PersonViewController.swift in Sources */ = {isa = PBXBuildFile; fileRef = E8DF66E2289DD076003B355C /* PersonViewController.swift */; };
		E8DF66E5289DD155003B355C /* PersonViewModel.swift in Sources */ = {isa = PBXBuildFile; fileRef = E8DF66E4289DD155003B355C /* PersonViewModel.swift */; };
/* End PBXBuildFile section */

/* Begin PBXContainerItemProxy section */
		E8B829A2289B16C200C23D27 /* PBXContainerItemProxy */ = {
			isa = PBXContainerItemProxy;
			containerPortal = E8B82983289B16BE00C23D27 /* Project object */;
			proxyType = 1;
			remoteGlobalIDString = E8B8298A289B16BE00C23D27;
			remoteInfo = TVMaze;
		};
		E8B829AC289B16C200C23D27 /* PBXContainerItemProxy */ = {
			isa = PBXContainerItemProxy;
			containerPortal = E8B82983289B16BE00C23D27 /* Project object */;
			proxyType = 1;
			remoteGlobalIDString = E8B8298A289B16BE00C23D27;
			remoteInfo = TVMaze;
		};
/* End PBXContainerItemProxy section */

/* Begin PBXFileReference section */
		E8B8298B289B16BE00C23D27 /* TVMaze.app */ = {isa = PBXFileReference; explicitFileType = wrapper.application; includeInIndex = 0; path = TVMaze.app; sourceTree = BUILT_PRODUCTS_DIR; };
		E8B8298E289B16BE00C23D27 /* AppDelegate.swift */ = {isa = PBXFileReference; lastKnownFileType = sourcecode.swift; path = AppDelegate.swift; sourceTree = "<group>"; };
		E8B82990289B16BE00C23D27 /* SceneDelegate.swift */ = {isa = PBXFileReference; lastKnownFileType = sourcecode.swift; path = SceneDelegate.swift; sourceTree = "<group>"; };
		E8B82997289B16C200C23D27 /* Assets.xcassets */ = {isa = PBXFileReference; lastKnownFileType = folder.assetcatalog; path = Assets.xcassets; sourceTree = "<group>"; };
		E8B8299A289B16C200C23D27 /* Base */ = {isa = PBXFileReference; lastKnownFileType = file.storyboard; name = Base; path = Base.lproj/LaunchScreen.storyboard; sourceTree = "<group>"; };
		E8B8299C289B16C200C23D27 /* Info.plist */ = {isa = PBXFileReference; lastKnownFileType = text.plist.xml; path = Info.plist; sourceTree = "<group>"; };
		E8B829A1289B16C200C23D27 /* TVMazeTests.xctest */ = {isa = PBXFileReference; explicitFileType = wrapper.cfbundle; includeInIndex = 0; path = TVMazeTests.xctest; sourceTree = BUILT_PRODUCTS_DIR; };
		E8B829A5289B16C200C23D27 /* TVMazeTests.swift */ = {isa = PBXFileReference; lastKnownFileType = sourcecode.swift; path = TVMazeTests.swift; sourceTree = "<group>"; };
		E8B829AB289B16C200C23D27 /* TVMazeUITests.xctest */ = {isa = PBXFileReference; explicitFileType = wrapper.cfbundle; includeInIndex = 0; path = TVMazeUITests.xctest; sourceTree = BUILT_PRODUCTS_DIR; };
		E8B829AF289B16C200C23D27 /* TVMazeUITests.swift */ = {isa = PBXFileReference; lastKnownFileType = sourcecode.swift; path = TVMazeUITests.swift; sourceTree = "<group>"; };
		E8B829B1289B16C200C23D27 /* TVMazeUITestsLaunchTests.swift */ = {isa = PBXFileReference; lastKnownFileType = sourcecode.swift; path = TVMazeUITestsLaunchTests.swift; sourceTree = "<group>"; };
		E8B829C3289B1CA700C23D27 /* Router.swift */ = {isa = PBXFileReference; lastKnownFileType = sourcecode.swift; path = Router.swift; sourceTree = "<group>"; };
		E8B829C7289B230300C23D27 /* NetworkManager.swift */ = {isa = PBXFileReference; lastKnownFileType = sourcecode.swift; path = NetworkManager.swift; sourceTree = "<group>"; };
		E8B829CA289B264500C23D27 /* Show.swift */ = {isa = PBXFileReference; lastKnownFileType = sourcecode.swift; path = Show.swift; sourceTree = "<group>"; };
		E8B829CC289B3BB900C23D27 /* SearchShow.swift */ = {isa = PBXFileReference; lastKnownFileType = sourcecode.swift; path = SearchShow.swift; sourceTree = "<group>"; };
		E8B829CE289B3E1D00C23D27 /* Episode.swift */ = {isa = PBXFileReference; lastKnownFileType = sourcecode.swift; path = Episode.swift; sourceTree = "<group>"; };
		E8B829D0289B4DF700C23D27 /* AppCoordinator.swift */ = {isa = PBXFileReference; lastKnownFileType = sourcecode.swift; path = AppCoordinator.swift; sourceTree = "<group>"; };
		E8B829D2289B4EB600C23D27 /* TabCoordinator.swift */ = {isa = PBXFileReference; lastKnownFileType = sourcecode.swift; path = TabCoordinator.swift; sourceTree = "<group>"; };
		E8B829D5289B511E00C23D27 /* HomeCoordinator.swift */ = {isa = PBXFileReference; lastKnownFileType = sourcecode.swift; path = HomeCoordinator.swift; sourceTree = "<group>"; };
		E8B829D7289B514A00C23D27 /* HomeViewController.swift */ = {isa = PBXFileReference; lastKnownFileType = sourcecode.swift; path = HomeViewController.swift; sourceTree = "<group>"; };
		E8B829DA289B53CB00C23D27 /* FavoritesCoordinator.swift */ = {isa = PBXFileReference; lastKnownFileType = sourcecode.swift; path = FavoritesCoordinator.swift; sourceTree = "<group>"; };
		E8B829DC289B53DE00C23D27 /* FavoritesViewController.swift */ = {isa = PBXFileReference; lastKnownFileType = sourcecode.swift; path = FavoritesViewController.swift; sourceTree = "<group>"; };
		E8B829DE289BD1C300C23D27 /* Coordinator.swift */ = {isa = PBXFileReference; lastKnownFileType = sourcecode.swift; path = Coordinator.swift; sourceTree = "<group>"; };
		E8B829E1289BD75E00C23D27 /* SearchCoordinator.swift */ = {isa = PBXFileReference; lastKnownFileType = sourcecode.swift; path = SearchCoordinator.swift; sourceTree = "<group>"; };
		E8B829E3289BD76B00C23D27 /* SearchViewController.swift */ = {isa = PBXFileReference; lastKnownFileType = sourcecode.swift; path = SearchViewController.swift; sourceTree = "<group>"; };
		E8B829E5289BDA2500C23D27 /* HomeViewModel.swift */ = {isa = PBXFileReference; lastKnownFileType = sourcecode.swift; path = HomeViewModel.swift; sourceTree = "<group>"; };
		E8B829E8289BE15400C23D27 /* ShowCollectionViewCell.swift */ = {isa = PBXFileReference; lastKnownFileType = sourcecode.swift; path = ShowCollectionViewCell.swift; sourceTree = "<group>"; };
		E8DF66BD289C5CA1003B355C /* SearchViewModel.swift */ = {isa = PBXFileReference; lastKnownFileType = sourcecode.swift; path = SearchViewModel.swift; sourceTree = "<group>"; };
		E8DF66C5289CD75C003B355C /* SeriesViewController.swift */ = {isa = PBXFileReference; lastKnownFileType = sourcecode.swift; path = SeriesViewController.swift; sourceTree = "<group>"; };
		E8DF66C7289CD817003B355C /* SeriesViewModel.swift */ = {isa = PBXFileReference; lastKnownFileType = sourcecode.swift; path = SeriesViewModel.swift; sourceTree = "<group>"; };
		E8DF66CA289D4E01003B355C /* Extensions.swift */ = {isa = PBXFileReference; lastKnownFileType = sourcecode.swift; path = Extensions.swift; sourceTree = "<group>"; };
		E8DF66CC289D5549003B355C /* EpisodesTableViewCell.swift */ = {isa = PBXFileReference; lastKnownFileType = sourcecode.swift; path = EpisodesTableViewCell.swift; sourceTree = "<group>"; };
		E8DF66CF289D8A55003B355C /* EpisodeViewController.swift */ = {isa = PBXFileReference; lastKnownFileType = sourcecode.swift; path = EpisodeViewController.swift; sourceTree = "<group>"; };
		E8DF66D1289D8AB5003B355C /* EpisodeViewModel.swift */ = {isa = PBXFileReference; lastKnownFileType = sourcecode.swift; path = EpisodeViewModel.swift; sourceTree = "<group>"; };
		E8DF66D8289DB1AC003B355C /* LikedShow.swift */ = {isa = PBXFileReference; lastKnownFileType = sourcecode.swift; path = LikedShow.swift; sourceTree = "<group>"; };
		E8DF66DA289DB832003B355C /* FavoritesViewModel.swift */ = {isa = PBXFileReference; lastKnownFileType = sourcecode.swift; path = FavoritesViewModel.swift; sourceTree = "<group>"; };
		E8DF66DC289DC5B2003B355C /* SearchPerson.swift */ = {isa = PBXFileReference; lastKnownFileType = sourcecode.swift; path = SearchPerson.swift; sourceTree = "<group>"; };
		E8DF66DE289DC5E6003B355C /* Person.swift */ = {isa = PBXFileReference; lastKnownFileType = sourcecode.swift; path = Person.swift; sourceTree = "<group>"; };
		E8DF66E2289DD076003B355C /* PersonViewController.swift */ = {isa = PBXFileReference; lastKnownFileType = sourcecode.swift; path = PersonViewController.swift; sourceTree = "<group>"; };
		E8DF66E4289DD155003B355C /* PersonViewModel.swift */ = {isa = PBXFileReference; lastKnownFileType = sourcecode.swift; path = PersonViewModel.swift; sourceTree = "<group>"; };
/* End PBXFileReference section */

/* Begin PBXFrameworksBuildPhase section */
		E8B82988289B16BE00C23D27 /* Frameworks */ = {
			isa = PBXFrameworksBuildPhase;
			buildActionMask = 2147483647;
			files = (
				E8DF66C3289C7353003B355C /* RxSwift in Frameworks */,
				E8DF66C1289C7353003B355C /* RxCocoa in Frameworks */,
				E8DF66D5289DB14D003B355C /* Realm in Frameworks */,
				E8DF66D7289DB14D003B355C /* RealmSwift in Frameworks */,
				E8DF66B7289BE62B003B355C /* SDWebImage in Frameworks */,
			);
			runOnlyForDeploymentPostprocessing = 0;
		};
		E8B8299E289B16C200C23D27 /* Frameworks */ = {
			isa = PBXFrameworksBuildPhase;
			buildActionMask = 2147483647;
			files = (
			);
			runOnlyForDeploymentPostprocessing = 0;
		};
		E8B829A8289B16C200C23D27 /* Frameworks */ = {
			isa = PBXFrameworksBuildPhase;
			buildActionMask = 2147483647;
			files = (
			);
			runOnlyForDeploymentPostprocessing = 0;
		};
/* End PBXFrameworksBuildPhase section */

/* Begin PBXGroup section */
		E8B82982289B16BE00C23D27 = {
			isa = PBXGroup;
			children = (
				E8B8298D289B16BE00C23D27 /* TVMaze */,
				E8B829A4289B16C200C23D27 /* TVMazeTests */,
				E8B829AE289B16C200C23D27 /* TVMazeUITests */,
				E8B8298C289B16BE00C23D27 /* Products */,
			);
			sourceTree = "<group>";
		};
		E8B8298C289B16BE00C23D27 /* Products */ = {
			isa = PBXGroup;
			children = (
				E8B8298B289B16BE00C23D27 /* TVMaze.app */,
				E8B829A1289B16C200C23D27 /* TVMazeTests.xctest */,
				E8B829AB289B16C200C23D27 /* TVMazeUITests.xctest */,
			);
			name = Products;
			sourceTree = "<group>";
		};
		E8B8298D289B16BE00C23D27 /* TVMaze */ = {
			isa = PBXGroup;
			children = (
				E8DF66C9289D4DED003B355C /* Extensions */,
				E8B829E7289BE03100C23D27 /* Views */,
				E8B829C9289B25BF00C23D27 /* Models */,
				E8B829C2289B1C3F00C23D27 /* Resources */,
				E8B829C1289B1C2600C23D27 /* Network */,
				E8B829C0289B1C1500C23D27 /* ViewModels */,
				E8B829BF289B1C0600C23D27 /* Controllers */,
				E8B829BE289B1BF000C23D27 /* Common */,
				E8B82999289B16C200C23D27 /* LaunchScreen.storyboard */,
				E8B8299C289B16C200C23D27 /* Info.plist */,
			);
			path = TVMaze;
			sourceTree = "<group>";
		};
		E8B829A4289B16C200C23D27 /* TVMazeTests */ = {
			isa = PBXGroup;
			children = (
				E8B829A5289B16C200C23D27 /* TVMazeTests.swift */,
			);
			path = TVMazeTests;
			sourceTree = "<group>";
		};
		E8B829AE289B16C200C23D27 /* TVMazeUITests */ = {
			isa = PBXGroup;
			children = (
				E8B829AF289B16C200C23D27 /* TVMazeUITests.swift */,
				E8B829B1289B16C200C23D27 /* TVMazeUITestsLaunchTests.swift */,
			);
			path = TVMazeUITests;
			sourceTree = "<group>";
		};
		E8B829BE289B1BF000C23D27 /* Common */ = {
			isa = PBXGroup;
			children = (
				E8B8298E289B16BE00C23D27 /* AppDelegate.swift */,
				E8B82990289B16BE00C23D27 /* SceneDelegate.swift */,
				E8B829DE289BD1C300C23D27 /* Coordinator.swift */,
				E8B829D0289B4DF700C23D27 /* AppCoordinator.swift */,
				E8B829D2289B4EB600C23D27 /* TabCoordinator.swift */,
			);
			path = Common;
			sourceTree = "<group>";
		};
		E8B829BF289B1C0600C23D27 /* Controllers */ = {
			isa = PBXGroup;
			children = (
				E8DF66E0289DD058003B355C /* Person */,
				E8DF66CE289D8A27003B355C /* Episode */,
				E8DF66C4289CD4E4003B355C /* Series */,
				E8B829E0289BD74D00C23D27 /* Search */,
				E8B829D9289B538C00C23D27 /* Favorites */,
				E8B829D4289B509D00C23D27 /* Home */,
			);
			path = Controllers;
			sourceTree = "<group>";
		};
		E8B829C0289B1C1500C23D27 /* ViewModels */ = {
			isa = PBXGroup;
			children = (
				E8B829E5289BDA2500C23D27 /* HomeViewModel.swift */,
				E8DF66BD289C5CA1003B355C /* SearchViewModel.swift */,
				E8DF66C7289CD817003B355C /* SeriesViewModel.swift */,
				E8DF66D1289D8AB5003B355C /* EpisodeViewModel.swift */,
				E8DF66DA289DB832003B355C /* FavoritesViewModel.swift */,
				E8DF66E4289DD155003B355C /* PersonViewModel.swift */,
			);
			path = ViewModels;
			sourceTree = "<group>";
		};
		E8B829C1289B1C2600C23D27 /* Network */ = {
			isa = PBXGroup;
			children = (
				E8B829C3289B1CA700C23D27 /* Router.swift */,
				E8B829C7289B230300C23D27 /* NetworkManager.swift */,
			);
			path = Network;
			sourceTree = "<group>";
		};
		E8B829C2289B1C3F00C23D27 /* Resources */ = {
			isa = PBXGroup;
			children = (
				E8B82997289B16C200C23D27 /* Assets.xcassets */,
			);
			path = Resources;
			sourceTree = "<group>";
		};
		E8B829C9289B25BF00C23D27 /* Models */ = {
			isa = PBXGroup;
			children = (
				E8B829CA289B264500C23D27 /* Show.swift */,
				E8B829CE289B3E1D00C23D27 /* Episode.swift */,
				E8DF66D8289DB1AC003B355C /* LikedShow.swift */,
				E8DF66DE289DC5E6003B355C /* Person.swift */,
				E8B829CC289B3BB900C23D27 /* SearchShow.swift */,
				E8DF66DC289DC5B2003B355C /* SearchPerson.swift */,
			);
			path = Models;
			sourceTree = "<group>";
		};
		E8B829D4289B509D00C23D27 /* Home */ = {
			isa = PBXGroup;
			children = (
				E8B829D5289B511E00C23D27 /* HomeCoordinator.swift */,
				E8B829D7289B514A00C23D27 /* HomeViewController.swift */,
			);
			path = Home;
			sourceTree = "<group>";
		};
		E8B829D9289B538C00C23D27 /* Favorites */ = {
			isa = PBXGroup;
			children = (
				E8B829DA289B53CB00C23D27 /* FavoritesCoordinator.swift */,
				E8B829DC289B53DE00C23D27 /* FavoritesViewController.swift */,
			);
			path = Favorites;
			sourceTree = "<group>";
		};
		E8B829E0289BD74D00C23D27 /* Search */ = {
			isa = PBXGroup;
			children = (
				E8B829E1289BD75E00C23D27 /* SearchCoordinator.swift */,
				E8B829E3289BD76B00C23D27 /* SearchViewController.swift */,
			);
			path = Search;
			sourceTree = "<group>";
		};
		E8B829E7289BE03100C23D27 /* Views */ = {
			isa = PBXGroup;
			children = (
				E8B829E8289BE15400C23D27 /* ShowCollectionViewCell.swift */,
				E8DF66CC289D5549003B355C /* EpisodesTableViewCell.swift */,
			);
			path = Views;
			sourceTree = "<group>";
		};
		E8DF66C4289CD4E4003B355C /* Series */ = {
			isa = PBXGroup;
			children = (
				E8DF66C5289CD75C003B355C /* SeriesViewController.swift */,
			);
			path = Series;
			sourceTree = "<group>";
		};
		E8DF66C9289D4DED003B355C /* Extensions */ = {
			isa = PBXGroup;
			children = (
				E8DF66CA289D4E01003B355C /* Extensions.swift */,
			);
			path = Extensions;
			sourceTree = "<group>";
		};
		E8DF66CE289D8A27003B355C /* Episode */ = {
			isa = PBXGroup;
			children = (
				E8DF66CF289D8A55003B355C /* EpisodeViewController.swift */,
			);
			path = Episode;
			sourceTree = "<group>";
		};
		E8DF66E0289DD058003B355C /* Person */ = {
			isa = PBXGroup;
			children = (
				E8DF66E2289DD076003B355C /* PersonViewController.swift */,
			);
			path = Person;
			sourceTree = "<group>";
		};
/* End PBXGroup section */

/* Begin PBXNativeTarget section */
		E8B8298A289B16BE00C23D27 /* TVMaze */ = {
			isa = PBXNativeTarget;
			buildConfigurationList = E8B829B5289B16C200C23D27 /* Build configuration list for PBXNativeTarget "TVMaze" */;
			buildPhases = (
				E8B82987289B16BE00C23D27 /* Sources */,
				E8B82988289B16BE00C23D27 /* Frameworks */,
				E8B82989289B16BE00C23D27 /* Resources */,
			);
			buildRules = (
			);
			dependencies = (
			);
			name = TVMaze;
			packageProductDependencies = (
				E8DF66B6289BE62B003B355C /* SDWebImage */,
				E8DF66C0289C7353003B355C /* RxCocoa */,
				E8DF66C2289C7353003B355C /* RxSwift */,
				E8DF66D4289DB14D003B355C /* Realm */,
				E8DF66D6289DB14D003B355C /* RealmSwift */,
			);
			productName = TVMaze;
			productReference = E8B8298B289B16BE00C23D27 /* TVMaze.app */;
			productType = "com.apple.product-type.application";
		};
		E8B829A0289B16C200C23D27 /* TVMazeTests */ = {
			isa = PBXNativeTarget;
			buildConfigurationList = E8B829B8289B16C200C23D27 /* Build configuration list for PBXNativeTarget "TVMazeTests" */;
			buildPhases = (
				E8B8299D289B16C200C23D27 /* Sources */,
				E8B8299E289B16C200C23D27 /* Frameworks */,
				E8B8299F289B16C200C23D27 /* Resources */,
			);
			buildRules = (
			);
			dependencies = (
				E8B829A3289B16C200C23D27 /* PBXTargetDependency */,
			);
			name = TVMazeTests;
			productName = TVMazeTests;
			productReference = E8B829A1289B16C200C23D27 /* TVMazeTests.xctest */;
			productType = "com.apple.product-type.bundle.unit-test";
		};
		E8B829AA289B16C200C23D27 /* TVMazeUITests */ = {
			isa = PBXNativeTarget;
			buildConfigurationList = E8B829BB289B16C200C23D27 /* Build configuration list for PBXNativeTarget "TVMazeUITests" */;
			buildPhases = (
				E8B829A7289B16C200C23D27 /* Sources */,
				E8B829A8289B16C200C23D27 /* Frameworks */,
				E8B829A9289B16C200C23D27 /* Resources */,
			);
			buildRules = (
			);
			dependencies = (
				E8B829AD289B16C200C23D27 /* PBXTargetDependency */,
			);
			name = TVMazeUITests;
			productName = TVMazeUITests;
			productReference = E8B829AB289B16C200C23D27 /* TVMazeUITests.xctest */;
			productType = "com.apple.product-type.bundle.ui-testing";
		};
/* End PBXNativeTarget section */

/* Begin PBXProject section */
		E8B82983289B16BE00C23D27 /* Project object */ = {
			isa = PBXProject;
			attributes = {
				BuildIndependentTargetsInParallel = 1;
				LastSwiftUpdateCheck = 1320;
				LastUpgradeCheck = 1320;
				TargetAttributes = {
					E8B8298A289B16BE00C23D27 = {
						CreatedOnToolsVersion = 13.2.1;
					};
					E8B829A0289B16C200C23D27 = {
						CreatedOnToolsVersion = 13.2.1;
						TestTargetID = E8B8298A289B16BE00C23D27;
					};
					E8B829AA289B16C200C23D27 = {
						CreatedOnToolsVersion = 13.2.1;
						TestTargetID = E8B8298A289B16BE00C23D27;
					};
				};
			};
			buildConfigurationList = E8B82986289B16BE00C23D27 /* Build configuration list for PBXProject "TVMaze" */;
			compatibilityVersion = "Xcode 13.0";
			developmentRegion = en;
			hasScannedForEncodings = 0;
			knownRegions = (
				en,
				Base,
			);
			mainGroup = E8B82982289B16BE00C23D27;
			packageReferences = (
				E8DF66B5289BE62B003B355C /* XCRemoteSwiftPackageReference "SDWebImage" */,
				E8DF66BF289C7353003B355C /* XCRemoteSwiftPackageReference "RxSwift" */,
				E8DF66D3289DB14D003B355C /* XCRemoteSwiftPackageReference "realm-swift" */,
			);
			productRefGroup = E8B8298C289B16BE00C23D27 /* Products */;
			projectDirPath = "";
			projectRoot = "";
			targets = (
				E8B8298A289B16BE00C23D27 /* TVMaze */,
				E8B829A0289B16C200C23D27 /* TVMazeTests */,
				E8B829AA289B16C200C23D27 /* TVMazeUITests */,
			);
		};
/* End PBXProject section */

/* Begin PBXResourcesBuildPhase section */
		E8B82989289B16BE00C23D27 /* Resources */ = {
			isa = PBXResourcesBuildPhase;
			buildActionMask = 2147483647;
			files = (
				E8B8299B289B16C200C23D27 /* LaunchScreen.storyboard in Resources */,
				E8B82998289B16C200C23D27 /* Assets.xcassets in Resources */,
			);
			runOnlyForDeploymentPostprocessing = 0;
		};
		E8B8299F289B16C200C23D27 /* Resources */ = {
			isa = PBXResourcesBuildPhase;
			buildActionMask = 2147483647;
			files = (
			);
			runOnlyForDeploymentPostprocessing = 0;
		};
		E8B829A9289B16C200C23D27 /* Resources */ = {
			isa = PBXResourcesBuildPhase;
			buildActionMask = 2147483647;
			files = (
			);
			runOnlyForDeploymentPostprocessing = 0;
		};
/* End PBXResourcesBuildPhase section */

/* Begin PBXSourcesBuildPhase section */
		E8B82987289B16BE00C23D27 /* Sources */ = {
			isa = PBXSourcesBuildPhase;
			buildActionMask = 2147483647;
			files = (
				E8B829E6289BDA2500C23D27 /* HomeViewModel.swift in Sources */,
				E8B829E9289BE15400C23D27 /* ShowCollectionViewCell.swift in Sources */,
				E8B829DD289B53DE00C23D27 /* FavoritesViewController.swift in Sources */,
				E8B829E2289BD75E00C23D27 /* SearchCoordinator.swift in Sources */,
				E8DF66BE289C5CA1003B355C /* SearchViewModel.swift in Sources */,
				E8DF66CD289D5549003B355C /* EpisodesTableViewCell.swift in Sources */,
				E8B829D3289B4EB600C23D27 /* TabCoordinator.swift in Sources */,
				E8B829CB289B264500C23D27 /* Show.swift in Sources */,
				E8DF66D2289D8AB5003B355C /* EpisodeViewModel.swift in Sources */,
				E8DF66DF289DC5E6003B355C /* Person.swift in Sources */,
				E8B829CF289B3E1D00C23D27 /* Episode.swift in Sources */,
				E8DF66DD289DC5B2003B355C /* SearchPerson.swift in Sources */,
				E8DF66D9289DB1AC003B355C /* LikedShow.swift in Sources */,
				E8B829C4289B1CA700C23D27 /* Router.swift in Sources */,
				E8DF66CB289D4E01003B355C /* Extensions.swift in Sources */,
				E8B829DB289B53CB00C23D27 /* FavoritesCoordinator.swift in Sources */,
				E8B829DF289BD1C300C23D27 /* Coordinator.swift in Sources */,
				E8B829CD289B3BBA00C23D27 /* SearchShow.swift in Sources */,
				E8B829C8289B230300C23D27 /* NetworkManager.swift in Sources */,
				E8B829E4289BD76B00C23D27 /* SearchViewController.swift in Sources */,
				E8B829D1289B4DF700C23D27 /* AppCoordinator.swift in Sources */,
				E8DF66C6289CD75C003B355C /* SeriesViewController.swift in Sources */,
				E8B829D8289B514A00C23D27 /* HomeViewController.swift in Sources */,
				E8DF66DB289DB832003B355C /* FavoritesViewModel.swift in Sources */,
				E8B829D6289B511E00C23D27 /* HomeCoordinator.swift in Sources */,
				E8DF66E3289DD076003B355C /* PersonViewController.swift in Sources */,
				E8DF66C8289CD817003B355C /* SeriesViewModel.swift in Sources */,
				E8B8298F289B16BE00C23D27 /* AppDelegate.swift in Sources */,
				E8DF66E5289DD155003B355C /* PersonViewModel.swift in Sources */,
				E8DF66D0289D8A55003B355C /* EpisodeViewController.swift in Sources */,
				E8B82991289B16BE00C23D27 /* SceneDelegate.swift in Sources */,
			);
			runOnlyForDeploymentPostprocessing = 0;
		};
		E8B8299D289B16C200C23D27 /* Sources */ = {
			isa = PBXSourcesBuildPhase;
			buildActionMask = 2147483647;
			files = (
				E8B829A6289B16C200C23D27 /* TVMazeTests.swift in Sources */,
			);
			runOnlyForDeploymentPostprocessing = 0;
		};
		E8B829A7289B16C200C23D27 /* Sources */ = {
			isa = PBXSourcesBuildPhase;
			buildActionMask = 2147483647;
			files = (
				E8B829B0289B16C200C23D27 /* TVMazeUITests.swift in Sources */,
				E8B829B2289B16C200C23D27 /* TVMazeUITestsLaunchTests.swift in Sources */,
			);
			runOnlyForDeploymentPostprocessing = 0;
		};
/* End PBXSourcesBuildPhase section */

/* Begin PBXTargetDependency section */
		E8B829A3289B16C200C23D27 /* PBXTargetDependency */ = {
			isa = PBXTargetDependency;
			target = E8B8298A289B16BE00C23D27 /* TVMaze */;
			targetProxy = E8B829A2289B16C200C23D27 /* PBXContainerItemProxy */;
		};
		E8B829AD289B16C200C23D27 /* PBXTargetDependency */ = {
			isa = PBXTargetDependency;
			target = E8B8298A289B16BE00C23D27 /* TVMaze */;
			targetProxy = E8B829AC289B16C200C23D27 /* PBXContainerItemProxy */;
		};
/* End PBXTargetDependency section */

/* Begin PBXVariantGroup section */
		E8B82999289B16C200C23D27 /* LaunchScreen.storyboard */ = {
			isa = PBXVariantGroup;
			children = (
				E8B8299A289B16C200C23D27 /* Base */,
			);
			name = LaunchScreen.storyboard;
			sourceTree = "<group>";
		};
/* End PBXVariantGroup section */

/* Begin XCBuildConfiguration section */
		E8B829B3289B16C200C23D27 /* Debug */ = {
			isa = XCBuildConfiguration;
			buildSettings = {
				ALWAYS_SEARCH_USER_PATHS = NO;
				CLANG_ANALYZER_NONNULL = YES;
				CLANG_ANALYZER_NUMBER_OBJECT_CONVERSION = YES_AGGRESSIVE;
				CLANG_CXX_LANGUAGE_STANDARD = "gnu++17";
				CLANG_CXX_LIBRARY = "libc++";
				CLANG_ENABLE_MODULES = YES;
				CLANG_ENABLE_OBJC_ARC = YES;
				CLANG_ENABLE_OBJC_WEAK = YES;
				CLANG_WARN_BLOCK_CAPTURE_AUTORELEASING = YES;
				CLANG_WARN_BOOL_CONVERSION = YES;
				CLANG_WARN_COMMA = YES;
				CLANG_WARN_CONSTANT_CONVERSION = YES;
				CLANG_WARN_DEPRECATED_OBJC_IMPLEMENTATIONS = YES;
				CLANG_WARN_DIRECT_OBJC_ISA_USAGE = YES_ERROR;
				CLANG_WARN_DOCUMENTATION_COMMENTS = YES;
				CLANG_WARN_EMPTY_BODY = YES;
				CLANG_WARN_ENUM_CONVERSION = YES;
				CLANG_WARN_INFINITE_RECURSION = YES;
				CLANG_WARN_INT_CONVERSION = YES;
				CLANG_WARN_NON_LITERAL_NULL_CONVERSION = YES;
				CLANG_WARN_OBJC_IMPLICIT_RETAIN_SELF = YES;
				CLANG_WARN_OBJC_LITERAL_CONVERSION = YES;
				CLANG_WARN_OBJC_ROOT_CLASS = YES_ERROR;
				CLANG_WARN_QUOTED_INCLUDE_IN_FRAMEWORK_HEADER = YES;
				CLANG_WARN_RANGE_LOOP_ANALYSIS = YES;
				CLANG_WARN_STRICT_PROTOTYPES = YES;
				CLANG_WARN_SUSPICIOUS_MOVE = YES;
				CLANG_WARN_UNGUARDED_AVAILABILITY = YES_AGGRESSIVE;
				CLANG_WARN_UNREACHABLE_CODE = YES;
				CLANG_WARN__DUPLICATE_METHOD_MATCH = YES;
				COPY_PHASE_STRIP = NO;
				DEBUG_INFORMATION_FORMAT = dwarf;
				ENABLE_STRICT_OBJC_MSGSEND = YES;
				ENABLE_TESTABILITY = YES;
				GCC_C_LANGUAGE_STANDARD = gnu11;
				GCC_DYNAMIC_NO_PIC = NO;
				GCC_NO_COMMON_BLOCKS = YES;
				GCC_OPTIMIZATION_LEVEL = 0;
				GCC_PREPROCESSOR_DEFINITIONS = (
					"DEBUG=1",
					"$(inherited)",
				);
				GCC_WARN_64_TO_32_BIT_CONVERSION = YES;
				GCC_WARN_ABOUT_RETURN_TYPE = YES_ERROR;
				GCC_WARN_UNDECLARED_SELECTOR = YES;
				GCC_WARN_UNINITIALIZED_AUTOS = YES_AGGRESSIVE;
				GCC_WARN_UNUSED_FUNCTION = YES;
				GCC_WARN_UNUSED_VARIABLE = YES;
				IPHONEOS_DEPLOYMENT_TARGET = 15.2;
				MTL_ENABLE_DEBUG_INFO = INCLUDE_SOURCE;
				MTL_FAST_MATH = YES;
				ONLY_ACTIVE_ARCH = YES;
				SDKROOT = iphoneos;
				SWIFT_ACTIVE_COMPILATION_CONDITIONS = DEBUG;
				SWIFT_OPTIMIZATION_LEVEL = "-Onone";
			};
			name = Debug;
		};
		E8B829B4289B16C200C23D27 /* Release */ = {
			isa = XCBuildConfiguration;
			buildSettings = {
				ALWAYS_SEARCH_USER_PATHS = NO;
				CLANG_ANALYZER_NONNULL = YES;
				CLANG_ANALYZER_NUMBER_OBJECT_CONVERSION = YES_AGGRESSIVE;
				CLANG_CXX_LANGUAGE_STANDARD = "gnu++17";
				CLANG_CXX_LIBRARY = "libc++";
				CLANG_ENABLE_MODULES = YES;
				CLANG_ENABLE_OBJC_ARC = YES;
				CLANG_ENABLE_OBJC_WEAK = YES;
				CLANG_WARN_BLOCK_CAPTURE_AUTORELEASING = YES;
				CLANG_WARN_BOOL_CONVERSION = YES;
				CLANG_WARN_COMMA = YES;
				CLANG_WARN_CONSTANT_CONVERSION = YES;
				CLANG_WARN_DEPRECATED_OBJC_IMPLEMENTATIONS = YES;
				CLANG_WARN_DIRECT_OBJC_ISA_USAGE = YES_ERROR;
				CLANG_WARN_DOCUMENTATION_COMMENTS = YES;
				CLANG_WARN_EMPTY_BODY = YES;
				CLANG_WARN_ENUM_CONVERSION = YES;
				CLANG_WARN_INFINITE_RECURSION = YES;
				CLANG_WARN_INT_CONVERSION = YES;
				CLANG_WARN_NON_LITERAL_NULL_CONVERSION = YES;
				CLANG_WARN_OBJC_IMPLICIT_RETAIN_SELF = YES;
				CLANG_WARN_OBJC_LITERAL_CONVERSION = YES;
				CLANG_WARN_OBJC_ROOT_CLASS = YES_ERROR;
				CLANG_WARN_QUOTED_INCLUDE_IN_FRAMEWORK_HEADER = YES;
				CLANG_WARN_RANGE_LOOP_ANALYSIS = YES;
				CLANG_WARN_STRICT_PROTOTYPES = YES;
				CLANG_WARN_SUSPICIOUS_MOVE = YES;
				CLANG_WARN_UNGUARDED_AVAILABILITY = YES_AGGRESSIVE;
				CLANG_WARN_UNREACHABLE_CODE = YES;
				CLANG_WARN__DUPLICATE_METHOD_MATCH = YES;
				COPY_PHASE_STRIP = NO;
				DEBUG_INFORMATION_FORMAT = "dwarf-with-dsym";
				ENABLE_NS_ASSERTIONS = NO;
				ENABLE_STRICT_OBJC_MSGSEND = YES;
				GCC_C_LANGUAGE_STANDARD = gnu11;
				GCC_NO_COMMON_BLOCKS = YES;
				GCC_WARN_64_TO_32_BIT_CONVERSION = YES;
				GCC_WARN_ABOUT_RETURN_TYPE = YES_ERROR;
				GCC_WARN_UNDECLARED_SELECTOR = YES;
				GCC_WARN_UNINITIALIZED_AUTOS = YES_AGGRESSIVE;
				GCC_WARN_UNUSED_FUNCTION = YES;
				GCC_WARN_UNUSED_VARIABLE = YES;
				IPHONEOS_DEPLOYMENT_TARGET = 15.2;
				MTL_ENABLE_DEBUG_INFO = NO;
				MTL_FAST_MATH = YES;
				SDKROOT = iphoneos;
				SWIFT_COMPILATION_MODE = wholemodule;
				SWIFT_OPTIMIZATION_LEVEL = "-O";
				VALIDATE_PRODUCT = YES;
			};
			name = Release;
		};
		E8B829B6289B16C200C23D27 /* Debug */ = {
			isa = XCBuildConfiguration;
			buildSettings = {
				ASSETCATALOG_COMPILER_APPICON_NAME = AppIcon;
				ASSETCATALOG_COMPILER_GLOBAL_ACCENT_COLOR_NAME = AccentColor;
				CODE_SIGN_STYLE = Automatic;
				CURRENT_PROJECT_VERSION = 1;
				GENERATE_INFOPLIST_FILE = YES;
				INFOPLIST_FILE = TVMaze/Info.plist;
				INFOPLIST_KEY_UIApplicationSupportsIndirectInputEvents = YES;
				INFOPLIST_KEY_UILaunchStoryboardName = LaunchScreen;
				INFOPLIST_KEY_UISupportedInterfaceOrientations_iPad = "UIInterfaceOrientationPortrait UIInterfaceOrientationPortraitUpsideDown UIInterfaceOrientationLandscapeLeft UIInterfaceOrientationLandscapeRight";
				INFOPLIST_KEY_UISupportedInterfaceOrientations_iPhone = "UIInterfaceOrientationPortrait UIInterfaceOrientationLandscapeLeft UIInterfaceOrientationLandscapeRight";
				LD_RUNPATH_SEARCH_PATHS = (
					"$(inherited)",
					"@executable_path/Frameworks",
				);
				MARKETING_VERSION = 1.0;
				PRODUCT_BUNDLE_IDENTIFIER = com.ygapps.TVMaze;
				PRODUCT_NAME = "$(TARGET_NAME)";
				SWIFT_EMIT_LOC_STRINGS = YES;
				SWIFT_VERSION = 5.0;
				TARGETED_DEVICE_FAMILY = "1,2";
			};
			name = Debug;
		};
		E8B829B7289B16C200C23D27 /* Release */ = {
			isa = XCBuildConfiguration;
			buildSettings = {
				ASSETCATALOG_COMPILER_APPICON_NAME = AppIcon;
				ASSETCATALOG_COMPILER_GLOBAL_ACCENT_COLOR_NAME = AccentColor;
				CODE_SIGN_STYLE = Automatic;
				CURRENT_PROJECT_VERSION = 1;
				GENERATE_INFOPLIST_FILE = YES;
				INFOPLIST_FILE = TVMaze/Info.plist;
				INFOPLIST_KEY_UIApplicationSupportsIndirectInputEvents = YES;
				INFOPLIST_KEY_UILaunchStoryboardName = LaunchScreen;
				INFOPLIST_KEY_UISupportedInterfaceOrientations_iPad = "UIInterfaceOrientationPortrait UIInterfaceOrientationPortraitUpsideDown UIInterfaceOrientationLandscapeLeft UIInterfaceOrientationLandscapeRight";
				INFOPLIST_KEY_UISupportedInterfaceOrientations_iPhone = "UIInterfaceOrientationPortrait UIInterfaceOrientationLandscapeLeft UIInterfaceOrientationLandscapeRight";
				LD_RUNPATH_SEARCH_PATHS = (
					"$(inherited)",
					"@executable_path/Frameworks",
				);
				MARKETING_VERSION = 1.0;
				PRODUCT_BUNDLE_IDENTIFIER = com.ygapps.TVMaze;
				PRODUCT_NAME = "$(TARGET_NAME)";
				SWIFT_EMIT_LOC_STRINGS = YES;
				SWIFT_VERSION = 5.0;
				TARGETED_DEVICE_FAMILY = "1,2";
			};
			name = Release;
		};
		E8B829B9289B16C200C23D27 /* Debug */ = {
			isa = XCBuildConfiguration;
			buildSettings = {
				ALWAYS_EMBED_SWIFT_STANDARD_LIBRARIES = YES;
				BUNDLE_LOADER = "$(TEST_HOST)";
				CODE_SIGN_STYLE = Automatic;
				CURRENT_PROJECT_VERSION = 1;
				GENERATE_INFOPLIST_FILE = YES;
				IPHONEOS_DEPLOYMENT_TARGET = 15.2;
				MARKETING_VERSION = 1.0;
				PRODUCT_BUNDLE_IDENTIFIER = com.ygapps.TVMazeTests;
				PRODUCT_NAME = "$(TARGET_NAME)";
				SWIFT_EMIT_LOC_STRINGS = NO;
				SWIFT_VERSION = 5.0;
				TARGETED_DEVICE_FAMILY = "1,2";
				TEST_HOST = "$(BUILT_PRODUCTS_DIR)/TVMaze.app/TVMaze";
			};
			name = Debug;
		};
		E8B829BA289B16C200C23D27 /* Release */ = {
			isa = XCBuildConfiguration;
			buildSettings = {
				ALWAYS_EMBED_SWIFT_STANDARD_LIBRARIES = YES;
				BUNDLE_LOADER = "$(TEST_HOST)";
				CODE_SIGN_STYLE = Automatic;
				CURRENT_PROJECT_VERSION = 1;
				GENERATE_INFOPLIST_FILE = YES;
				IPHONEOS_DEPLOYMENT_TARGET = 15.2;
				MARKETING_VERSION = 1.0;
				PRODUCT_BUNDLE_IDENTIFIER = com.ygapps.TVMazeTests;
				PRODUCT_NAME = "$(TARGET_NAME)";
				SWIFT_EMIT_LOC_STRINGS = NO;
				SWIFT_VERSION = 5.0;
				TARGETED_DEVICE_FAMILY = "1,2";
				TEST_HOST = "$(BUILT_PRODUCTS_DIR)/TVMaze.app/TVMaze";
			};
			name = Release;
		};
		E8B829BC289B16C200C23D27 /* Debug */ = {
			isa = XCBuildConfiguration;
			buildSettings = {
				ALWAYS_EMBED_SWIFT_STANDARD_LIBRARIES = YES;
				CODE_SIGN_STYLE = Automatic;
				CURRENT_PROJECT_VERSION = 1;
				GENERATE_INFOPLIST_FILE = YES;
				MARKETING_VERSION = 1.0;
				PRODUCT_BUNDLE_IDENTIFIER = com.ygapps.TVMazeUITests;
				PRODUCT_NAME = "$(TARGET_NAME)";
				SWIFT_EMIT_LOC_STRINGS = NO;
				SWIFT_VERSION = 5.0;
				TARGETED_DEVICE_FAMILY = "1,2";
				TEST_TARGET_NAME = TVMaze;
			};
			name = Debug;
		};
		E8B829BD289B16C200C23D27 /* Release */ = {
			isa = XCBuildConfiguration;
			buildSettings = {
				ALWAYS_EMBED_SWIFT_STANDARD_LIBRARIES = YES;
				CODE_SIGN_STYLE = Automatic;
				CURRENT_PROJECT_VERSION = 1;
				GENERATE_INFOPLIST_FILE = YES;
				MARKETING_VERSION = 1.0;
				PRODUCT_BUNDLE_IDENTIFIER = com.ygapps.TVMazeUITests;
				PRODUCT_NAME = "$(TARGET_NAME)";
				SWIFT_EMIT_LOC_STRINGS = NO;
				SWIFT_VERSION = 5.0;
				TARGETED_DEVICE_FAMILY = "1,2";
				TEST_TARGET_NAME = TVMaze;
			};
			name = Release;
		};
/* End XCBuildConfiguration section */

/* Begin XCConfigurationList section */
		E8B82986289B16BE00C23D27 /* Build configuration list for PBXProject "TVMaze" */ = {
			isa = XCConfigurationList;
			buildConfigurations = (
				E8B829B3289B16C200C23D27 /* Debug */,
				E8B829B4289B16C200C23D27 /* Release */,
			);
			defaultConfigurationIsVisible = 0;
			defaultConfigurationName = Release;
		};
		E8B829B5289B16C200C23D27 /* Build configuration list for PBXNativeTarget "TVMaze" */ = {
			isa = XCConfigurationList;
			buildConfigurations = (
				E8B829B6289B16C200C23D27 /* Debug */,
				E8B829B7289B16C200C23D27 /* Release */,
			);
			defaultConfigurationIsVisible = 0;
			defaultConfigurationName = Release;
		};
		E8B829B8289B16C200C23D27 /* Build configuration list for PBXNativeTarget "TVMazeTests" */ = {
			isa = XCConfigurationList;
			buildConfigurations = (
				E8B829B9289B16C200C23D27 /* Debug */,
				E8B829BA289B16C200C23D27 /* Release */,
			);
			defaultConfigurationIsVisible = 0;
			defaultConfigurationName = Release;
		};
		E8B829BB289B16C200C23D27 /* Build configuration list for PBXNativeTarget "TVMazeUITests" */ = {
			isa = XCConfigurationList;
			buildConfigurations = (
				E8B829BC289B16C200C23D27 /* Debug */,
				E8B829BD289B16C200C23D27 /* Release */,
			);
			defaultConfigurationIsVisible = 0;
			defaultConfigurationName = Release;
		};
/* End XCConfigurationList section */

/* Begin XCRemoteSwiftPackageReference section */
		E8DF66B5289BE62B003B355C /* XCRemoteSwiftPackageReference "SDWebImage" */ = {
			isa = XCRemoteSwiftPackageReference;
			repositoryURL = "https://github.com/SDWebImage/SDWebImage";
			requirement = {
				kind = upToNextMajorVersion;
				minimumVersion = 5.0.0;
			};
		};
		E8DF66BF289C7353003B355C /* XCRemoteSwiftPackageReference "RxSwift" */ = {
			isa = XCRemoteSwiftPackageReference;
			repositoryURL = "https://github.com/ReactiveX/RxSwift";
			requirement = {
				kind = upToNextMajorVersion;
				minimumVersion = 6.0.0;
			};
		};
		E8DF66D3289DB14D003B355C /* XCRemoteSwiftPackageReference "realm-swift" */ = {
			isa = XCRemoteSwiftPackageReference;
			repositoryURL = "https://github.com/realm/realm-swift.git";
			requirement = {
				branch = master;
				kind = branch;
			};
		};
/* End XCRemoteSwiftPackageReference section */

/* Begin XCSwiftPackageProductDependency section */
		E8DF66B6289BE62B003B355C /* SDWebImage */ = {
			isa = XCSwiftPackageProductDependency;
			package = E8DF66B5289BE62B003B355C /* XCRemoteSwiftPackageReference "SDWebImage" */;
			productName = SDWebImage;
		};
		E8DF66C0289C7353003B355C /* RxCocoa */ = {
			isa = XCSwiftPackageProductDependency;
			package = E8DF66BF289C7353003B355C /* XCRemoteSwiftPackageReference "RxSwift" */;
			productName = RxCocoa;
		};
		E8DF66C2289C7353003B355C /* RxSwift */ = {
			isa = XCSwiftPackageProductDependency;
			package = E8DF66BF289C7353003B355C /* XCRemoteSwiftPackageReference "RxSwift" */;
			productName = RxSwift;
		};
		E8DF66D4289DB14D003B355C /* Realm */ = {
			isa = XCSwiftPackageProductDependency;
			package = E8DF66D3289DB14D003B355C /* XCRemoteSwiftPackageReference "realm-swift" */;
			productName = Realm;
		};
		E8DF66D6289DB14D003B355C /* RealmSwift */ = {
			isa = XCSwiftPackageProductDependency;
			package = E8DF66D3289DB14D003B355C /* XCRemoteSwiftPackageReference "realm-swift" */;
			productName = RealmSwift;
		};
/* End XCSwiftPackageProductDependency section */
	};
	rootObject = E8B82983289B16BE00C23D27 /* Project object */;
}
